
Microsoft Visual Studio Solution File, Format Version 12.00
# Visual Studio Version 17
VisualStudioVersion = 17.4.33213.308
MinimumVisualStudioVersion = 10.0.40219.1
Project("{FAE04EC0-301F-11D3-BF4B-00C04F79EFBC}") = "Race", "Race\Race.csproj", "{9F128D8B-2553-4FD0-95F3-067F9D4866A9}"
EndProject
Global
	GlobalSection(SolutionConfigurationPlatforms) = preSolution
		Debug|Any CPU = Debug|Any CPU
		Release|Any CPU = Release|Any CPU
	EndGlobalSection
	GlobalSection(ProjectConfigurationPlatforms) = postSolution
		{9F128D8B-2553-4FD0-95F3-067F9D4866A9}.Debug|Any CPU.ActiveCfg = Debug|Any CPU
		{9F128D8B-2553-4FD0-95F3-067F9D4866A9}.Debug|Any CPU.Build.0 = Debug|Any CPU
		{9F128D8B-2553-4FD0-95F3-067F9D4866A9}.Release|Any CPU.ActiveCfg = Release|Any CPU
		{9F128D8B-2553-4FD0-95F3-067F9D4866A9}.Release|Any CPU.Build.0 = Release|Any CPU
	EndGlobalSection
	GlobalSection(SolutionProperties) = preSolution
		HideSolutionNode = FALSE
	EndGlobalSection
	GlobalSection(ExtensibilityGlobals) = postSolution
		SolutionGuid = {563B4EB4-783E-45E8-BADF-CF13B8E370D6}
	EndGlobalSection
EndGlobal
